
Microsoft Visual Studio Solution File, Format Version 12.00
# Visual Studio Version 16
VisualStudioVersion = 16.0.30330.147
MinimumVisualStudioVersion = 10.0.40219.1
Project("{2150E333-8FDC-42A3-9474-1A3956D46DE8}") = "9 - Common", "9 - Common", "{CB6D8267-6210-44BD-9B21-86A648A5AF46}"
EndProject
Project("{2150E333-8FDC-42A3-9474-1A3956D46DE8}") = "0 - API", "0 - API", "{5BC99448-E3FD-4BD6-829D-CFFDAC255BEE}"
EndProject
Project("{2150E333-8FDC-42A3-9474-1A3956D46DE8}") = "2 - Domain", "2 - Domain", "{6AB2C9F7-65A2-437A-B03B-A2E06A413111}"
EndProject
Project("{2150E333-8FDC-42A3-9474-1A3956D46DE8}") = "5 - Infra", "5 - Infra", "{6EEB559A-D67C-4B6F-B8EE-CD211489652B}"
EndProject
Project("{2150E333-8FDC-42A3-9474-1A3956D46DE8}") = "3 - Data", "3 - Data", "{36550FCE-197C-4B1B-A18B-B41BAB332634}"
EndProject
Project("{2150E333-8FDC-42A3-9474-1A3956D46DE8}") = "7 - Tests", "7 - Tests", "{1E239805-1A38-4D90-82DB-DF261BEF4DD6}"
EndProject
Project("{2150E333-8FDC-42A3-9474-1A3956D46DE8}") = "1 - Application", "1 - Application", "{31DDB39F-58D3-4A19-8BD2-9416B20275E8}"
EndProject
Project("{FAE04EC0-301F-11D3-BF4B-00C04F79EFBC}") = "OmegaFY.Blog.WebAPI", "src\OmegaFY.Blog.WebAPI\OmegaFY.Blog.WebAPI.csproj", "{DAF4CBA9-7501-4B5E-A334-DA1996364B00}"
EndProject
Project("{FAE04EC0-301F-11D3-BF4B-00C04F79EFBC}") = "OmegaFY.Blog.WebAPI.Models", "src\OmegaFY.Blog.WebAPI.Models\OmegaFY.Blog.WebAPI.Models.csproj", "{76ABD96F-807F-4B88-951F-CD2115036E19}"
EndProject
Project("{FAE04EC0-301F-11D3-BF4B-00C04F79EFBC}") = "OmegaFY.Blog.Application", "src\OmegaFY.Blog.Application\OmegaFY.Blog.Application.csproj", "{B9907089-1255-4122-BC15-31378C1D9F19}"
EndProject
Project("{FAE04EC0-301F-11D3-BF4B-00C04F79EFBC}") = "OmegaFY.Blog.Common", "src\OmegaFY.Blog.Common\OmegaFY.Blog.Common.csproj", "{204B8F00-1D3F-4C24-B8C4-19E8CDF0B603}"
EndProject
Project("{FAE04EC0-301F-11D3-BF4B-00C04F79EFBC}") = "OmegaFY.Blog.Data.EF", "src\OmegaFY.Blog.Data.EF\OmegaFY.Blog.Data.EF.csproj", "{5CED3F06-2926-429C-8785-40A74794F78A}"
EndProject
Project("{FAE04EC0-301F-11D3-BF4B-00C04F79EFBC}") = "OmegaFY.Blog.Data.MongoDB", "src\OmegaFY.Blog.Data.MongoDB\OmegaFY.Blog.Data.MongoDB.csproj", "{7CAF8A07-4F02-4BF1-88FF-A3B037FFE649}"
EndProject
Project("{FAE04EC0-301F-11D3-BF4B-00C04F79EFBC}") = "OmegaFY.Blog.Domain.Core", "src\OmegaFY.Blog.Domain.Core\OmegaFY.Blog.Domain.Core.csproj", "{22A82A54-CE68-4A4D-B537-C31FB19211DA}"
EndProject
Project("{FAE04EC0-301F-11D3-BF4B-00C04F79EFBC}") = "OmegaFY.Blog.Domain", "src\OmegaFY.Blog.Domain\OmegaFY.Blog.Domain.csproj", "{284A2134-93FD-4A5F-9CCD-17CC80D5A517}"
EndProject
Project("{FAE04EC0-301F-11D3-BF4B-00C04F79EFBC}") = "OmegaFY.Blog.Infra", "src\OmegaFY.Blog.Infra\OmegaFY.Blog.Infra.csproj", "{FF4686DC-F27A-41DB-A4DB-F96CED44F36F}"
EndProject
Project("{FAE04EC0-301F-11D3-BF4B-00C04F79EFBC}") = "OmegaFY.Blog.Test.Benchmark", "tests\OmegaFY.Blog.Test.Benchmark\OmegaFY.Blog.Test.Benchmark.csproj", "{06167686-E6B8-4592-837C-7A7FD377B87D}"
EndProject
Project("{FAE04EC0-301F-11D3-BF4B-00C04F79EFBC}") = "OmegaFY.Blog.Test.Integrated", "tests\OmegaFY.Blog.Test.Integrated\OmegaFY.Blog.Test.Integrated.csproj", "{4B99AED7-BA87-4AC4-8B08-2B85638B90F8}"
EndProject
Project("{FAE04EC0-301F-11D3-BF4B-00C04F79EFBC}") = "OmegaFY.Blog.Test.Unit", "tests\OmegaFY.Blog.Test.Unit\OmegaFY.Blog.Test.Unit.csproj", "{2CB2215C-1D4C-4EE8-A00B-77FF993427D1}"
EndProject
Global
	GlobalSection(SolutionConfigurationPlatforms) = preSolution
		Debug|Any CPU = Debug|Any CPU
		Release|Any CPU = Release|Any CPU
	EndGlobalSection
	GlobalSection(ProjectConfigurationPlatforms) = postSolution
		{DAF4CBA9-7501-4B5E-A334-DA1996364B00}.Debug|Any CPU.ActiveCfg = Debug|Any CPU
		{DAF4CBA9-7501-4B5E-A334-DA1996364B00}.Debug|Any CPU.Build.0 = Debug|Any CPU
		{DAF4CBA9-7501-4B5E-A334-DA1996364B00}.Release|Any CPU.ActiveCfg = Release|Any CPU
		{DAF4CBA9-7501-4B5E-A334-DA1996364B00}.Release|Any CPU.Build.0 = Release|Any CPU
		{76ABD96F-807F-4B88-951F-CD2115036E19}.Debug|Any CPU.ActiveCfg = Debug|Any CPU
		{76ABD96F-807F-4B88-951F-CD2115036E19}.Debug|Any CPU.Build.0 = Debug|Any CPU
		{76ABD96F-807F-4B88-951F-CD2115036E19}.Release|Any CPU.ActiveCfg = Release|Any CPU
		{76ABD96F-807F-4B88-951F-CD2115036E19}.Release|Any CPU.Build.0 = Release|Any CPU
		{B9907089-1255-4122-BC15-31378C1D9F19}.Debug|Any CPU.ActiveCfg = Debug|Any CPU
		{B9907089-1255-4122-BC15-31378C1D9F19}.Debug|Any CPU.Build.0 = Debug|Any CPU
		{B9907089-1255-4122-BC15-31378C1D9F19}.Release|Any CPU.ActiveCfg = Release|Any CPU
		{B9907089-1255-4122-BC15-31378C1D9F19}.Release|Any CPU.Build.0 = Release|Any CPU
		{204B8F00-1D3F-4C24-B8C4-19E8CDF0B603}.Debug|Any CPU.ActiveCfg = Debug|Any CPU
		{204B8F00-1D3F-4C24-B8C4-19E8CDF0B603}.Debug|Any CPU.Build.0 = Debug|Any CPU
		{204B8F00-1D3F-4C24-B8C4-19E8CDF0B603}.Release|Any CPU.ActiveCfg = Release|Any CPU
		{204B8F00-1D3F-4C24-B8C4-19E8CDF0B603}.Release|Any CPU.Build.0 = Release|Any CPU
		{5CED3F06-2926-429C-8785-40A74794F78A}.Debug|Any CPU.ActiveCfg = Debug|Any CPU
		{5CED3F06-2926-429C-8785-40A74794F78A}.Debug|Any CPU.Build.0 = Debug|Any CPU
		{5CED3F06-2926-429C-8785-40A74794F78A}.Release|Any CPU.ActiveCfg = Release|Any CPU
		{5CED3F06-2926-429C-8785-40A74794F78A}.Release|Any CPU.Build.0 = Release|Any CPU
		{7CAF8A07-4F02-4BF1-88FF-A3B037FFE649}.Debug|Any CPU.ActiveCfg = Debug|Any CPU
		{7CAF8A07-4F02-4BF1-88FF-A3B037FFE649}.Debug|Any CPU.Build.0 = Debug|Any CPU
		{7CAF8A07-4F02-4BF1-88FF-A3B037FFE649}.Release|Any CPU.ActiveCfg = Release|Any CPU
		{7CAF8A07-4F02-4BF1-88FF-A3B037FFE649}.Release|Any CPU.Build.0 = Release|Any CPU
		{22A82A54-CE68-4A4D-B537-C31FB19211DA}.Debug|Any CPU.ActiveCfg = Debug|Any CPU
		{22A82A54-CE68-4A4D-B537-C31FB19211DA}.Debug|Any CPU.Build.0 = Debug|Any CPU
		{22A82A54-CE68-4A4D-B537-C31FB19211DA}.Release|Any CPU.ActiveCfg = Release|Any CPU
		{22A82A54-CE68-4A4D-B537-C31FB19211DA}.Release|Any CPU.Build.0 = Release|Any CPU
		{284A2134-93FD-4A5F-9CCD-17CC80D5A517}.Debug|Any CPU.ActiveCfg = Debug|Any CPU
		{284A2134-93FD-4A5F-9CCD-17CC80D5A517}.Debug|Any CPU.Build.0 = Debug|Any CPU
		{284A2134-93FD-4A5F-9CCD-17CC80D5A517}.Release|Any CPU.ActiveCfg = Release|Any CPU
		{284A2134-93FD-4A5F-9CCD-17CC80D5A517}.Release|Any CPU.Build.0 = Release|Any CPU
		{FF4686DC-F27A-41DB-A4DB-F96CED44F36F}.Debug|Any CPU.ActiveCfg = Debug|Any CPU
		{FF4686DC-F27A-41DB-A4DB-F96CED44F36F}.Debug|Any CPU.Build.0 = Debug|Any CPU
		{FF4686DC-F27A-41DB-A4DB-F96CED44F36F}.Release|Any CPU.ActiveCfg = Release|Any CPU
		{FF4686DC-F27A-41DB-A4DB-F96CED44F36F}.Release|Any CPU.Build.0 = Release|Any CPU
		{06167686-E6B8-4592-837C-7A7FD377B87D}.Debug|Any CPU.ActiveCfg = Debug|Any CPU
		{06167686-E6B8-4592-837C-7A7FD377B87D}.Debug|Any CPU.Build.0 = Debug|Any CPU
		{06167686-E6B8-4592-837C-7A7FD377B87D}.Release|Any CPU.ActiveCfg = Release|Any CPU
		{06167686-E6B8-4592-837C-7A7FD377B87D}.Release|Any CPU.Build.0 = Release|Any CPU
		{4B99AED7-BA87-4AC4-8B08-2B85638B90F8}.Debug|Any CPU.ActiveCfg = Debug|Any CPU
		{4B99AED7-BA87-4AC4-8B08-2B85638B90F8}.Debug|Any CPU.Build.0 = Debug|Any CPU
		{4B99AED7-BA87-4AC4-8B08-2B85638B90F8}.Release|Any CPU.ActiveCfg = Release|Any CPU
		{4B99AED7-BA87-4AC4-8B08-2B85638B90F8}.Release|Any CPU.Build.0 = Release|Any CPU
		{2CB2215C-1D4C-4EE8-A00B-77FF993427D1}.Debug|Any CPU.ActiveCfg = Debug|Any CPU
		{2CB2215C-1D4C-4EE8-A00B-77FF993427D1}.Debug|Any CPU.Build.0 = Debug|Any CPU
		{2CB2215C-1D4C-4EE8-A00B-77FF993427D1}.Release|Any CPU.ActiveCfg = Release|Any CPU
		{2CB2215C-1D4C-4EE8-A00B-77FF993427D1}.Release|Any CPU.Build.0 = Release|Any CPU
	EndGlobalSection
	GlobalSection(SolutionProperties) = preSolution
		HideSolutionNode = FALSE
	EndGlobalSection
	GlobalSection(NestedProjects) = preSolution
		{DAF4CBA9-7501-4B5E-A334-DA1996364B00} = {5BC99448-E3FD-4BD6-829D-CFFDAC255BEE}
		{76ABD96F-807F-4B88-951F-CD2115036E19} = {5BC99448-E3FD-4BD6-829D-CFFDAC255BEE}
		{B9907089-1255-4122-BC15-31378C1D9F19} = {31DDB39F-58D3-4A19-8BD2-9416B20275E8}
		{204B8F00-1D3F-4C24-B8C4-19E8CDF0B603} = {CB6D8267-6210-44BD-9B21-86A648A5AF46}
		{5CED3F06-2926-429C-8785-40A74794F78A} = {36550FCE-197C-4B1B-A18B-B41BAB332634}
		{7CAF8A07-4F02-4BF1-88FF-A3B037FFE649} = {36550FCE-197C-4B1B-A18B-B41BAB332634}
		{22A82A54-CE68-4A4D-B537-C31FB19211DA} = {6AB2C9F7-65A2-437A-B03B-A2E06A413111}
		{284A2134-93FD-4A5F-9CCD-17CC80D5A517} = {6AB2C9F7-65A2-437A-B03B-A2E06A413111}
		{FF4686DC-F27A-41DB-A4DB-F96CED44F36F} = {6EEB559A-D67C-4B6F-B8EE-CD211489652B}
		{06167686-E6B8-4592-837C-7A7FD377B87D} = {1E239805-1A38-4D90-82DB-DF261BEF4DD6}
		{4B99AED7-BA87-4AC4-8B08-2B85638B90F8} = {1E239805-1A38-4D90-82DB-DF261BEF4DD6}
		{2CB2215C-1D4C-4EE8-A00B-77FF993427D1} = {1E239805-1A38-4D90-82DB-DF261BEF4DD6}
	EndGlobalSection
	GlobalSection(ExtensibilityGlobals) = postSolution
		SolutionGuid = {B7FF76F4-FB63-42C7-98F4-C16DFFF6E001}
	EndGlobalSection
EndGlobal
