
Microsoft Visual Studio Solution File, Format Version 12.00
# Visual Studio Version 17
VisualStudioVersion = 17.0.31919.166
MinimumVisualStudioVersion = 10.0.40219.1
Project("{9A19103F-16F7-4668-BE54-9A1E7A4F7556}") = "OmegaFY.Blog.WebAPI", "src\OmegaFY.Blog.WebAPI\OmegaFY.Blog.WebAPI.csproj", "{F7DD491C-6C1C-44E4-AD78-AB94FEC47CFA}"
EndProject
Project("{9A19103F-16F7-4668-BE54-9A1E7A4F7556}") = "OmegaFY.Blog.Application", "src\OmegaFY.Blog.Application\OmegaFY.Blog.Application.csproj", "{8C0FBAD4-2AE2-49E3-B7A8-52143B4719A9}"
EndProject
Project("{9A19103F-16F7-4668-BE54-9A1E7A4F7556}") = "OmegaFY.Blog.Data.EF", "src\OmegaFY.Blog.Data.EF\OmegaFY.Blog.Data.EF.csproj", "{A3F84DEF-38D4-469C-B565-D981B91AEB6A}"
EndProject
Project("{9A19103F-16F7-4668-BE54-9A1E7A4F7556}") = "OmegaFY.Blog.Data.MongoDB", "src\OmegaFY.Blog.Data.MongoDB\OmegaFY.Blog.Data.MongoDB.csproj", "{6A3DA3D0-F941-4021-AC31-9E96F2C5F392}"
EndProject
Project("{9A19103F-16F7-4668-BE54-9A1E7A4F7556}") = "OmegaFY.Blog.Domain", "src\OmegaFY.Blog.Domain\OmegaFY.Blog.Domain.csproj", "{24DFF6EA-B28B-4439-BAA4-A8C80CCBE9B8}"
EndProject
Project("{9A19103F-16F7-4668-BE54-9A1E7A4F7556}") = "OmegaFY.Blog.Infra", "src\OmegaFY.Blog.Infra\OmegaFY.Blog.Infra.csproj", "{93A60FB3-86BB-4048-9958-5A61AB42A542}"
EndProject
Project("{2150E333-8FDC-42A3-9474-1A3956D46DE8}") = "0 - API", "0 - API", "{F27E7608-0314-4D88-B230-C4929DF0DD4D}"
EndProject
Project("{2150E333-8FDC-42A3-9474-1A3956D46DE8}") = "1 - Application", "1 - Application", "{05ABA103-805A-4577-B1AC-E1CA4CF54EE9}"
EndProject
Project("{2150E333-8FDC-42A3-9474-1A3956D46DE8}") = "4 - Domain", "4 - Domain", "{075CB4B4-EAD4-4C33-A4E1-7F12E66F6D91}"
EndProject
Project("{2150E333-8FDC-42A3-9474-1A3956D46DE8}") = "3 - Data", "3 - Data", "{51BD003F-E4DD-4A91-89DD-C0285FE11C03}"
EndProject
Project("{2150E333-8FDC-42A3-9474-1A3956D46DE8}") = "2 - Infra", "2 - Infra", "{0369D14D-A636-4E00-9C08-DFBCB7CCBDE5}"
EndProject
Project("{2150E333-8FDC-42A3-9474-1A3956D46DE8}") = "7 - Tests", "7 - Tests", "{7E937FDD-5974-4C41-8FAA-345620CC661B}"
EndProject
Project("{9A19103F-16F7-4668-BE54-9A1E7A4F7556}") = "OmegaFY.Blog.Test.Benchmark", "tests\OmegaFY.Blog.Test.Benchmark\OmegaFY.Blog.Test.Benchmark.csproj", "{2DEE1AFD-EA89-447D-A240-256B1ACE2010}"
EndProject
Project("{9A19103F-16F7-4668-BE54-9A1E7A4F7556}") = "OmegaFY.Blog.Test.Integrated", "tests\OmegaFY.Blog.Test.Integrated\OmegaFY.Blog.Test.Integrated.csproj", "{A9830DCD-0DC1-493D-8D27-21C71899853C}"
EndProject
Project("{9A19103F-16F7-4668-BE54-9A1E7A4F7556}") = "OmegaFY.Blog.Test.Unit", "tests\OmegaFY.Blog.Test.Unit\OmegaFY.Blog.Test.Unit.csproj", "{7C9F5DCB-C719-4022-A2D0-3021236C5E98}"
EndProject
Project("{2150E333-8FDC-42A3-9474-1A3956D46DE8}") = "9 - Common", "9 - Common", "{0140AC74-C7B7-466B-8A28-039EB3DFB958}"
EndProject
Project("{FAE04EC0-301F-11D3-BF4B-00C04F79EFBC}") = "OmegaFY.Blog.Common", "src\OmegaFY.Blog.Common\OmegaFY.Blog.Common.csproj", "{9DD0B9C0-0B7F-4CCD-BD07-3B89486B1DED}"
EndProject
Global
	GlobalSection(SolutionConfigurationPlatforms) = preSolution
		Debug|Any CPU = Debug|Any CPU
		Release|Any CPU = Release|Any CPU
	EndGlobalSection
	GlobalSection(ProjectConfigurationPlatforms) = postSolution
		{F7DD491C-6C1C-44E4-AD78-AB94FEC47CFA}.Debug|Any CPU.ActiveCfg = Debug|Any CPU
		{F7DD491C-6C1C-44E4-AD78-AB94FEC47CFA}.Debug|Any CPU.Build.0 = Debug|Any CPU
		{F7DD491C-6C1C-44E4-AD78-AB94FEC47CFA}.Release|Any CPU.ActiveCfg = Release|Any CPU
		{F7DD491C-6C1C-44E4-AD78-AB94FEC47CFA}.Release|Any CPU.Build.0 = Release|Any CPU
		{8C0FBAD4-2AE2-49E3-B7A8-52143B4719A9}.Debug|Any CPU.ActiveCfg = Debug|Any CPU
		{8C0FBAD4-2AE2-49E3-B7A8-52143B4719A9}.Debug|Any CPU.Build.0 = Debug|Any CPU
		{8C0FBAD4-2AE2-49E3-B7A8-52143B4719A9}.Release|Any CPU.ActiveCfg = Release|Any CPU
		{8C0FBAD4-2AE2-49E3-B7A8-52143B4719A9}.Release|Any CPU.Build.0 = Release|Any CPU
		{A3F84DEF-38D4-469C-B565-D981B91AEB6A}.Debug|Any CPU.ActiveCfg = Debug|Any CPU
		{A3F84DEF-38D4-469C-B565-D981B91AEB6A}.Debug|Any CPU.Build.0 = Debug|Any CPU
		{A3F84DEF-38D4-469C-B565-D981B91AEB6A}.Release|Any CPU.ActiveCfg = Release|Any CPU
		{A3F84DEF-38D4-469C-B565-D981B91AEB6A}.Release|Any CPU.Build.0 = Release|Any CPU
		{6A3DA3D0-F941-4021-AC31-9E96F2C5F392}.Debug|Any CPU.ActiveCfg = Debug|Any CPU
		{6A3DA3D0-F941-4021-AC31-9E96F2C5F392}.Debug|Any CPU.Build.0 = Debug|Any CPU
		{6A3DA3D0-F941-4021-AC31-9E96F2C5F392}.Release|Any CPU.ActiveCfg = Release|Any CPU
		{6A3DA3D0-F941-4021-AC31-9E96F2C5F392}.Release|Any CPU.Build.0 = Release|Any CPU
		{24DFF6EA-B28B-4439-BAA4-A8C80CCBE9B8}.Debug|Any CPU.ActiveCfg = Debug|Any CPU
		{24DFF6EA-B28B-4439-BAA4-A8C80CCBE9B8}.Debug|Any CPU.Build.0 = Debug|Any CPU
		{24DFF6EA-B28B-4439-BAA4-A8C80CCBE9B8}.Release|Any CPU.ActiveCfg = Release|Any CPU
		{24DFF6EA-B28B-4439-BAA4-A8C80CCBE9B8}.Release|Any CPU.Build.0 = Release|Any CPU
		{93A60FB3-86BB-4048-9958-5A61AB42A542}.Debug|Any CPU.ActiveCfg = Debug|Any CPU
		{93A60FB3-86BB-4048-9958-5A61AB42A542}.Debug|Any CPU.Build.0 = Debug|Any CPU
		{93A60FB3-86BB-4048-9958-5A61AB42A542}.Release|Any CPU.ActiveCfg = Release|Any CPU
		{93A60FB3-86BB-4048-9958-5A61AB42A542}.Release|Any CPU.Build.0 = Release|Any CPU
		{2DEE1AFD-EA89-447D-A240-256B1ACE2010}.Debug|Any CPU.ActiveCfg = Debug|Any CPU
		{2DEE1AFD-EA89-447D-A240-256B1ACE2010}.Debug|Any CPU.Build.0 = Debug|Any CPU
		{2DEE1AFD-EA89-447D-A240-256B1ACE2010}.Release|Any CPU.ActiveCfg = Release|Any CPU
		{2DEE1AFD-EA89-447D-A240-256B1ACE2010}.Release|Any CPU.Build.0 = Release|Any CPU
		{A9830DCD-0DC1-493D-8D27-21C71899853C}.Debug|Any CPU.ActiveCfg = Debug|Any CPU
		{A9830DCD-0DC1-493D-8D27-21C71899853C}.Debug|Any CPU.Build.0 = Debug|Any CPU
		{A9830DCD-0DC1-493D-8D27-21C71899853C}.Release|Any CPU.ActiveCfg = Release|Any CPU
		{A9830DCD-0DC1-493D-8D27-21C71899853C}.Release|Any CPU.Build.0 = Release|Any CPU
		{7C9F5DCB-C719-4022-A2D0-3021236C5E98}.Debug|Any CPU.ActiveCfg = Debug|Any CPU
		{7C9F5DCB-C719-4022-A2D0-3021236C5E98}.Debug|Any CPU.Build.0 = Debug|Any CPU
		{7C9F5DCB-C719-4022-A2D0-3021236C5E98}.Release|Any CPU.ActiveCfg = Release|Any CPU
		{7C9F5DCB-C719-4022-A2D0-3021236C5E98}.Release|Any CPU.Build.0 = Release|Any CPU
		{9DD0B9C0-0B7F-4CCD-BD07-3B89486B1DED}.Debug|Any CPU.ActiveCfg = Debug|Any CPU
		{9DD0B9C0-0B7F-4CCD-BD07-3B89486B1DED}.Debug|Any CPU.Build.0 = Debug|Any CPU
		{9DD0B9C0-0B7F-4CCD-BD07-3B89486B1DED}.Release|Any CPU.ActiveCfg = Release|Any CPU
		{9DD0B9C0-0B7F-4CCD-BD07-3B89486B1DED}.Release|Any CPU.Build.0 = Release|Any CPU
	EndGlobalSection
	GlobalSection(SolutionProperties) = preSolution
		HideSolutionNode = FALSE
	EndGlobalSection
	GlobalSection(NestedProjects) = preSolution
		{F7DD491C-6C1C-44E4-AD78-AB94FEC47CFA} = {F27E7608-0314-4D88-B230-C4929DF0DD4D}
		{8C0FBAD4-2AE2-49E3-B7A8-52143B4719A9} = {05ABA103-805A-4577-B1AC-E1CA4CF54EE9}
		{A3F84DEF-38D4-469C-B565-D981B91AEB6A} = {51BD003F-E4DD-4A91-89DD-C0285FE11C03}
		{6A3DA3D0-F941-4021-AC31-9E96F2C5F392} = {51BD003F-E4DD-4A91-89DD-C0285FE11C03}
		{24DFF6EA-B28B-4439-BAA4-A8C80CCBE9B8} = {075CB4B4-EAD4-4C33-A4E1-7F12E66F6D91}
		{93A60FB3-86BB-4048-9958-5A61AB42A542} = {0369D14D-A636-4E00-9C08-DFBCB7CCBDE5}
		{2DEE1AFD-EA89-447D-A240-256B1ACE2010} = {7E937FDD-5974-4C41-8FAA-345620CC661B}
		{A9830DCD-0DC1-493D-8D27-21C71899853C} = {7E937FDD-5974-4C41-8FAA-345620CC661B}
		{7C9F5DCB-C719-4022-A2D0-3021236C5E98} = {7E937FDD-5974-4C41-8FAA-345620CC661B}
		{9DD0B9C0-0B7F-4CCD-BD07-3B89486B1DED} = {0140AC74-C7B7-466B-8A28-039EB3DFB958}
	EndGlobalSection
	GlobalSection(ExtensibilityGlobals) = postSolution
		SolutionGuid = {B7FF76F4-FB63-42C7-98F4-C16DFFF6E001}
	EndGlobalSection
EndGlobal
