
Microsoft Visual Studio Solution File, Format Version 12.00
# Visual Studio Version 16
VisualStudioVersion = 16.0.30330.147
MinimumVisualStudioVersion = 10.0.40219.1
Project("{FAE04EC0-301F-11D3-BF4B-00C04F79EFBC}") = "OmegaFY.Blog.Domain", "src\OmegaFY.Blog.Domain\OmegaFY.Blog.Domain.csproj", "{96E09D60-9F5A-4F6D-986A-9EFE0CC11DF4}"
EndProject
Global
	GlobalSection(SolutionConfigurationPlatforms) = preSolution
		Debug|Any CPU = Debug|Any CPU
		Release|Any CPU = Release|Any CPU
	EndGlobalSection
	GlobalSection(ProjectConfigurationPlatforms) = postSolution
		{96E09D60-9F5A-4F6D-986A-9EFE0CC11DF4}.Debug|Any CPU.ActiveCfg = Debug|Any CPU
		{96E09D60-9F5A-4F6D-986A-9EFE0CC11DF4}.Debug|Any CPU.Build.0 = Debug|Any CPU
		{96E09D60-9F5A-4F6D-986A-9EFE0CC11DF4}.Release|Any CPU.ActiveCfg = Release|Any CPU
		{96E09D60-9F5A-4F6D-986A-9EFE0CC11DF4}.Release|Any CPU.Build.0 = Release|Any CPU
	EndGlobalSection
	GlobalSection(SolutionProperties) = preSolution
		HideSolutionNode = FALSE
	EndGlobalSection
	GlobalSection(ExtensibilityGlobals) = postSolution
		SolutionGuid = {B7FF76F4-FB63-42C7-98F4-C16DFFF6E001}
	EndGlobalSection
EndGlobal
